
Microsoft Visual Studio Solution File, Format Version 12.00
# Visual Studio 15
VisualStudioVersion = 15.0.27130.2020
MinimumVisualStudioVersion = 10.0.40219.1
Project("{FAE04EC0-301F-11D3-BF4B-00C04F79EFBC}") = "Library.Web", "src\Library.Web\Library.Web.csproj", "{45F61889-5A10-4496-AD43-471B94314FF8}"
EndProject
Project("{FAE04EC0-301F-11D3-BF4B-00C04F79EFBC}") = "Library.Core", "src\Library.Core\Library.Core.csproj", "{75B3BD9B-91F6-458F-A41D-E0C6D5035527}"
EndProject
Global
	GlobalSection(SolutionConfigurationPlatforms) = preSolution
		Debug|Any CPU = Debug|Any CPU
		Release|Any CPU = Release|Any CPU
	EndGlobalSection
	GlobalSection(ProjectConfigurationPlatforms) = postSolution
		{45F61889-5A10-4496-AD43-471B94314FF8}.Debug|Any CPU.ActiveCfg = Debug|Any CPU
		{45F61889-5A10-4496-AD43-471B94314FF8}.Debug|Any CPU.Build.0 = Debug|Any CPU
		{45F61889-5A10-4496-AD43-471B94314FF8}.Release|Any CPU.ActiveCfg = Release|Any CPU
		{45F61889-5A10-4496-AD43-471B94314FF8}.Release|Any CPU.Build.0 = Release|Any CPU
		{75B3BD9B-91F6-458F-A41D-E0C6D5035527}.Debug|Any CPU.ActiveCfg = Debug|Any CPU
		{75B3BD9B-91F6-458F-A41D-E0C6D5035527}.Debug|Any CPU.Build.0 = Debug|Any CPU
		{75B3BD9B-91F6-458F-A41D-E0C6D5035527}.Release|Any CPU.ActiveCfg = Release|Any CPU
		{75B3BD9B-91F6-458F-A41D-E0C6D5035527}.Release|Any CPU.Build.0 = Release|Any CPU
	EndGlobalSection
	GlobalSection(SolutionProperties) = preSolution
		HideSolutionNode = FALSE
	EndGlobalSection
	GlobalSection(ExtensibilityGlobals) = postSolution
		SolutionGuid = {01197474-D91E-4708-B0BB-8B9E74881D77}
	EndGlobalSection
EndGlobal
